
Microsoft Visual Studio Solution File, Format Version 12.00
# Visual Studio Version 17
VisualStudioVersion = 17.8.34330.188
MinimumVisualStudioVersion = 10.0.40219.1
Project("{FAE04EC0-301F-11D3-BF4B-00C04F79EFBC}") = "Client", "Client\Client.csproj", "{311AB47B-311D-4563-B949-6FA8D8ED255E}"
EndProject
Global
	GlobalSection(SolutionConfigurationPlatforms) = preSolution
		Debug|Any CPU = Debug|Any CPU
		Release|Any CPU = Release|Any CPU
	EndGlobalSection
	GlobalSection(ProjectConfigurationPlatforms) = postSolution
		{311AB47B-311D-4563-B949-6FA8D8ED255E}.Debug|Any CPU.ActiveCfg = Debug|Any CPU
		{311AB47B-311D-4563-B949-6FA8D8ED255E}.Debug|Any CPU.Build.0 = Debug|Any CPU
		{311AB47B-311D-4563-B949-6FA8D8ED255E}.Release|Any CPU.ActiveCfg = Release|Any CPU
		{311AB47B-311D-4563-B949-6FA8D8ED255E}.Release|Any CPU.Build.0 = Release|Any CPU
	EndGlobalSection
	GlobalSection(SolutionProperties) = preSolution
		HideSolutionNode = FALSE
	EndGlobalSection
	GlobalSection(ExtensibilityGlobals) = postSolution
		SolutionGuid = {AB81B901-518E-42D7-B1F2-7B5435DC086A}
	EndGlobalSection
EndGlobal
